
Microsoft Visual Studio Solution File, Format Version 12.00
# Visual Studio Version 17
VisualStudioVersion = 17.8.34525.116
MinimumVisualStudioVersion = 10.0.40219.1
Project("{FAE04EC0-301F-11D3-BF4B-00C04F79EFBC}") = "HIMS-Project", "HIMS-Project.csproj", "{D8C4A807-F095-4DBE-9B80-79355A9008F2}"
EndProject
Global
	GlobalSection(SolutionConfigurationPlatforms) = preSolution
		Debug|Any CPU = Debug|Any CPU
		Release|Any CPU = Release|Any CPU
	EndGlobalSection
	GlobalSection(ProjectConfigurationPlatforms) = postSolution
		{D8C4A807-F095-4DBE-9B80-79355A9008F2}.Debug|Any CPU.ActiveCfg = Debug|Any CPU
		{D8C4A807-F095-4DBE-9B80-79355A9008F2}.Debug|Any CPU.Build.0 = Debug|Any CPU
		{D8C4A807-F095-4DBE-9B80-79355A9008F2}.Release|Any CPU.ActiveCfg = Release|Any CPU
		{D8C4A807-F095-4DBE-9B80-79355A9008F2}.Release|Any CPU.Build.0 = Release|Any CPU
	EndGlobalSection
	GlobalSection(SolutionProperties) = preSolution
		HideSolutionNode = FALSE
	EndGlobalSection
	GlobalSection(ExtensibilityGlobals) = postSolution
		SolutionGuid = {07B18377-3B1C-4107-85BE-80023231A441}
	EndGlobalSection
EndGlobal
